
Microsoft Visual Studio Solution File, Format Version 12.00
# Visual Studio Version 17
VisualStudioVersion = 17.8.34330.188
MinimumVisualStudioVersion = 10.0.40219.1
Project("{FAE04EC0-301F-11D3-BF4B-00C04F79EFBC}") = "WebApplication1", "WebApplication1\WebApplication1.csproj", "{996814C3-41CE-4637-950F-D740C81881F1}"
EndProject
Global
	GlobalSection(SolutionConfigurationPlatforms) = preSolution
		Debug|Any CPU = Debug|Any CPU
		Release|Any CPU = Release|Any CPU
	EndGlobalSection
	GlobalSection(ProjectConfigurationPlatforms) = postSolution
		{996814C3-41CE-4637-950F-D740C81881F1}.Debug|Any CPU.ActiveCfg = Debug|Any CPU
		{996814C3-41CE-4637-950F-D740C81881F1}.Debug|Any CPU.Build.0 = Debug|Any CPU
		{996814C3-41CE-4637-950F-D740C81881F1}.Release|Any CPU.ActiveCfg = Release|Any CPU
		{996814C3-41CE-4637-950F-D740C81881F1}.Release|Any CPU.Build.0 = Release|Any CPU
	EndGlobalSection
	GlobalSection(SolutionProperties) = preSolution
		HideSolutionNode = FALSE
	EndGlobalSection
	GlobalSection(ExtensibilityGlobals) = postSolution
		SolutionGuid = {A1A3C53C-830D-421C-82D7-8625691B95B9}
	EndGlobalSection
EndGlobal
